
Microsoft Visual Studio Solution File, Format Version 12.00
# Visual Studio Version 17
VisualStudioVersion = 17.7.34031.279
MinimumVisualStudioVersion = 10.0.40219.1
Project("{8BC9CEB8-8B4A-11D0-8D11-00A0C91BC942}") = "FoxEngine", "Project1\Project1.vcxproj", "{7D08F5AB-15FF-4B29-94D6-46075011090C}"
EndProject
Project("{8BC9CEB8-8B4A-11D0-8D11-00A0C91BC942}") = "FoxEditor", "FoxEditor\FoxEditor.vcxproj", "{2B1A026A-85C9-4687-BF5C-EF6419C6274D}"
EndProject
Global
	GlobalSection(SolutionConfigurationPlatforms) = preSolution
		Debug|x64 = Debug|x64
		Debug|x86 = Debug|x86
		Release|x64 = Release|x64
		Release|x86 = Release|x86
	EndGlobalSection
	GlobalSection(ProjectConfigurationPlatforms) = postSolution
		{7D08F5AB-15FF-4B29-94D6-46075011090C}.Debug|x64.ActiveCfg = Debug|x64
		{7D08F5AB-15FF-4B29-94D6-46075011090C}.Debug|x64.Build.0 = Debug|x64
		{7D08F5AB-15FF-4B29-94D6-46075011090C}.Debug|x86.ActiveCfg = Debug|Win32
		{7D08F5AB-15FF-4B29-94D6-46075011090C}.Debug|x86.Build.0 = Debug|Win32
		{7D08F5AB-15FF-4B29-94D6-46075011090C}.Release|x64.ActiveCfg = Release|Win32
		{7D08F5AB-15FF-4B29-94D6-46075011090C}.Release|x64.Build.0 = Release|Win32
		{7D08F5AB-15FF-4B29-94D6-46075011090C}.Release|x86.ActiveCfg = Release|Win32
		{7D08F5AB-15FF-4B29-94D6-46075011090C}.Release|x86.Build.0 = Release|Win32
		{2B1A026A-85C9-4687-BF5C-EF6419C6274D}.Debug|x64.ActiveCfg = Debug|x64
		{2B1A026A-85C9-4687-BF5C-EF6419C6274D}.Debug|x64.Build.0 = Debug|x64
		{2B1A026A-85C9-4687-BF5C-EF6419C6274D}.Debug|x86.ActiveCfg = Debug|Win32
		{2B1A026A-85C9-4687-BF5C-EF6419C6274D}.Debug|x86.Build.0 = Debug|Win32
		{2B1A026A-85C9-4687-BF5C-EF6419C6274D}.Release|x64.ActiveCfg = Release|Win32
		{2B1A026A-85C9-4687-BF5C-EF6419C6274D}.Release|x64.Build.0 = Release|Win32
		{2B1A026A-85C9-4687-BF5C-EF6419C6274D}.Release|x86.ActiveCfg = Release|Win32
		{2B1A026A-85C9-4687-BF5C-EF6419C6274D}.Release|x86.Build.0 = Release|Win32
	EndGlobalSection
	GlobalSection(SolutionProperties) = preSolution
		HideSolutionNode = FALSE
	EndGlobalSection
	GlobalSection(ExtensibilityGlobals) = postSolution
		SolutionGuid = {5B6B1EB8-165A-49E6-9C8D-8A7052D34C8F}
	EndGlobalSection
EndGlobal
